
Microsoft Visual Studio Solution File, Format Version 12.00
# Visual Studio Version 16
VisualStudioVersion = 16.0.31105.61
MinimumVisualStudioVersion = 10.0.40219.1
Project("{FAE04EC0-301F-11D3-BF4B-00C04F79EFBC}") = "NandDump", "NandDump\NandDump.csproj", "{37F080E0-9078-44D2-B417-813F502730F3}"
EndProject
Global
	GlobalSection(SolutionConfigurationPlatforms) = preSolution
		Debug|Any CPU = Debug|Any CPU
		Release|Any CPU = Release|Any CPU
	EndGlobalSection
	GlobalSection(ProjectConfigurationPlatforms) = postSolution
		{37F080E0-9078-44D2-B417-813F502730F3}.Debug|Any CPU.ActiveCfg = Debug|Any CPU
		{37F080E0-9078-44D2-B417-813F502730F3}.Debug|Any CPU.Build.0 = Debug|Any CPU
		{37F080E0-9078-44D2-B417-813F502730F3}.Release|Any CPU.ActiveCfg = Release|Any CPU
		{37F080E0-9078-44D2-B417-813F502730F3}.Release|Any CPU.Build.0 = Release|Any CPU
	EndGlobalSection
	GlobalSection(SolutionProperties) = preSolution
		HideSolutionNode = FALSE
	EndGlobalSection
	GlobalSection(ExtensibilityGlobals) = postSolution
		SolutionGuid = {4E08335E-96DC-45F9-A3B8-FD02F335B346}
	EndGlobalSection
EndGlobal
